
Microsoft Visual Studio Solution File, Format Version 12.00
# Visual Studio Version 17
VisualStudioVersion = 17.9.34728.123
MinimumVisualStudioVersion = 10.0.40219.1
Project("{8BC9CEB8-8B4A-11D0-8D11-00A0C91BC942}") = "Lesson_3.2", "Lesson_3.2\Lesson_3.2.vcxproj", "{66FC7543-8BA6-498B-9926-FE035D49A845}"
EndProject
Project("{8BC9CEB8-8B4A-11D0-8D11-00A0C91BC942}") = "Lesson_1.1", "Lesson_1.1\Lesson_1.1.vcxproj", "{99824F5B-41EA-41A9-945C-D31C28097AA4}"
EndProject
Project("{8BC9CEB8-8B4A-11D0-8D11-00A0C91BC942}") = "Lesson_1.2", "Lesson_1.2\Lesson_1.2.vcxproj", "{6882F35E-FD7E-4D87-ACC9-701549A8B99D}"
EndProject
Project("{8BC9CEB8-8B4A-11D0-8D11-00A0C91BC942}") = "Lesson_2.1", "Lesson_2.1\Lesson_2.1.vcxproj", "{DD3233C1-A017-49B4-BF28-11F2FAEA6EF2}"
EndProject
Project("{8BC9CEB8-8B4A-11D0-8D11-00A0C91BC942}") = "Lesson_3.1", "Lesson_3.1\Lesson_3.1.vcxproj", "{C42A637D-A70C-4E5C-BEE1-E0E313B050BC}"
EndProject
Project("{8BC9CEB8-8B4A-11D0-8D11-00A0C91BC942}") = "Lesson_4.1", "Lesson_4.1\Lesson_4.1.vcxproj", "{70A11772-A300-4AC0-A216-98505CEB1B58}"
EndProject
Project("{8BC9CEB8-8B4A-11D0-8D11-00A0C91BC942}") = "Lesson_5.1", "Lesson_5.1\Lesson_5.1.vcxproj", "{CE4BA44E-62BC-4671-8DF7-CE6C49A2B19E}"
EndProject
Project("{8BC9CEB8-8B4A-11D0-8D11-00A0C91BC942}") = "Lesson_6.1", "Lesson_6.1\Lesson_6.1.vcxproj", "{F36031FD-6188-44CD-AF6B-0460A0B96EF7}"
EndProject
Global
	GlobalSection(SolutionConfigurationPlatforms) = preSolution
		Debug|x64 = Debug|x64
		Debug|x86 = Debug|x86
		Release|x64 = Release|x64
		Release|x86 = Release|x86
	EndGlobalSection
	GlobalSection(ProjectConfigurationPlatforms) = postSolution
		{66FC7543-8BA6-498B-9926-FE035D49A845}.Debug|x64.ActiveCfg = Debug|x64
		{66FC7543-8BA6-498B-9926-FE035D49A845}.Debug|x64.Build.0 = Debug|x64
		{66FC7543-8BA6-498B-9926-FE035D49A845}.Debug|x86.ActiveCfg = Debug|Win32
		{66FC7543-8BA6-498B-9926-FE035D49A845}.Debug|x86.Build.0 = Debug|Win32
		{66FC7543-8BA6-498B-9926-FE035D49A845}.Release|x64.ActiveCfg = Release|x64
		{66FC7543-8BA6-498B-9926-FE035D49A845}.Release|x64.Build.0 = Release|x64
		{66FC7543-8BA6-498B-9926-FE035D49A845}.Release|x86.ActiveCfg = Release|Win32
		{66FC7543-8BA6-498B-9926-FE035D49A845}.Release|x86.Build.0 = Release|Win32
		{99824F5B-41EA-41A9-945C-D31C28097AA4}.Debug|x64.ActiveCfg = Debug|x64
		{99824F5B-41EA-41A9-945C-D31C28097AA4}.Debug|x64.Build.0 = Debug|x64
		{99824F5B-41EA-41A9-945C-D31C28097AA4}.Debug|x86.ActiveCfg = Debug|Win32
		{99824F5B-41EA-41A9-945C-D31C28097AA4}.Debug|x86.Build.0 = Debug|Win32
		{99824F5B-41EA-41A9-945C-D31C28097AA4}.Release|x64.ActiveCfg = Release|x64
		{99824F5B-41EA-41A9-945C-D31C28097AA4}.Release|x64.Build.0 = Release|x64
		{99824F5B-41EA-41A9-945C-D31C28097AA4}.Release|x86.ActiveCfg = Release|Win32
		{99824F5B-41EA-41A9-945C-D31C28097AA4}.Release|x86.Build.0 = Release|Win32
		{6882F35E-FD7E-4D87-ACC9-701549A8B99D}.Debug|x64.ActiveCfg = Debug|x64
		{6882F35E-FD7E-4D87-ACC9-701549A8B99D}.Debug|x64.Build.0 = Debug|x64
		{6882F35E-FD7E-4D87-ACC9-701549A8B99D}.Debug|x86.ActiveCfg = Debug|Win32
		{6882F35E-FD7E-4D87-ACC9-701549A8B99D}.Debug|x86.Build.0 = Debug|Win32
		{6882F35E-FD7E-4D87-ACC9-701549A8B99D}.Release|x64.ActiveCfg = Release|x64
		{6882F35E-FD7E-4D87-ACC9-701549A8B99D}.Release|x64.Build.0 = Release|x64
		{6882F35E-FD7E-4D87-ACC9-701549A8B99D}.Release|x86.ActiveCfg = Release|Win32
		{6882F35E-FD7E-4D87-ACC9-701549A8B99D}.Release|x86.Build.0 = Release|Win32
		{DD3233C1-A017-49B4-BF28-11F2FAEA6EF2}.Debug|x64.ActiveCfg = Debug|x64
		{DD3233C1-A017-49B4-BF28-11F2FAEA6EF2}.Debug|x64.Build.0 = Debug|x64
		{DD3233C1-A017-49B4-BF28-11F2FAEA6EF2}.Debug|x86.ActiveCfg = Debug|Win32
		{DD3233C1-A017-49B4-BF28-11F2FAEA6EF2}.Debug|x86.Build.0 = Debug|Win32
		{DD3233C1-A017-49B4-BF28-11F2FAEA6EF2}.Release|x64.ActiveCfg = Release|x64
		{DD3233C1-A017-49B4-BF28-11F2FAEA6EF2}.Release|x64.Build.0 = Release|x64
		{DD3233C1-A017-49B4-BF28-11F2FAEA6EF2}.Release|x86.ActiveCfg = Release|Win32
		{DD3233C1-A017-49B4-BF28-11F2FAEA6EF2}.Release|x86.Build.0 = Release|Win32
		{C42A637D-A70C-4E5C-BEE1-E0E313B050BC}.Debug|x64.ActiveCfg = Debug|x64
		{C42A637D-A70C-4E5C-BEE1-E0E313B050BC}.Debug|x64.Build.0 = Debug|x64
		{C42A637D-A70C-4E5C-BEE1-E0E313B050BC}.Debug|x86.ActiveCfg = Debug|Win32
		{C42A637D-A70C-4E5C-BEE1-E0E313B050BC}.Debug|x86.Build.0 = Debug|Win32
		{C42A637D-A70C-4E5C-BEE1-E0E313B050BC}.Release|x64.ActiveCfg = Release|x64
		{C42A637D-A70C-4E5C-BEE1-E0E313B050BC}.Release|x64.Build.0 = Release|x64
		{C42A637D-A70C-4E5C-BEE1-E0E313B050BC}.Release|x86.ActiveCfg = Release|Win32
		{C42A637D-A70C-4E5C-BEE1-E0E313B050BC}.Release|x86.Build.0 = Release|Win32
		{70A11772-A300-4AC0-A216-98505CEB1B58}.Debug|x64.ActiveCfg = Debug|x64
		{70A11772-A300-4AC0-A216-98505CEB1B58}.Debug|x64.Build.0 = Debug|x64
		{70A11772-A300-4AC0-A216-98505CEB1B58}.Debug|x86.ActiveCfg = Debug|Win32
		{70A11772-A300-4AC0-A216-98505CEB1B58}.Debug|x86.Build.0 = Debug|Win32
		{70A11772-A300-4AC0-A216-98505CEB1B58}.Release|x64.ActiveCfg = Release|x64
		{70A11772-A300-4AC0-A216-98505CEB1B58}.Release|x64.Build.0 = Release|x64
		{70A11772-A300-4AC0-A216-98505CEB1B58}.Release|x86.ActiveCfg = Release|Win32
		{70A11772-A300-4AC0-A216-98505CEB1B58}.Release|x86.Build.0 = Release|Win32
		{CE4BA44E-62BC-4671-8DF7-CE6C49A2B19E}.Debug|x64.ActiveCfg = Debug|x64
		{CE4BA44E-62BC-4671-8DF7-CE6C49A2B19E}.Debug|x64.Build.0 = Debug|x64
		{CE4BA44E-62BC-4671-8DF7-CE6C49A2B19E}.Debug|x86.ActiveCfg = Debug|Win32
		{CE4BA44E-62BC-4671-8DF7-CE6C49A2B19E}.Debug|x86.Build.0 = Debug|Win32
		{CE4BA44E-62BC-4671-8DF7-CE6C49A2B19E}.Release|x64.ActiveCfg = Release|x64
		{CE4BA44E-62BC-4671-8DF7-CE6C49A2B19E}.Release|x64.Build.0 = Release|x64
		{CE4BA44E-62BC-4671-8DF7-CE6C49A2B19E}.Release|x86.ActiveCfg = Release|Win32
		{CE4BA44E-62BC-4671-8DF7-CE6C49A2B19E}.Release|x86.Build.0 = Release|Win32
		{F36031FD-6188-44CD-AF6B-0460A0B96EF7}.Debug|x64.ActiveCfg = Debug|x64
		{F36031FD-6188-44CD-AF6B-0460A0B96EF7}.Debug|x64.Build.0 = Debug|x64
		{F36031FD-6188-44CD-AF6B-0460A0B96EF7}.Debug|x86.ActiveCfg = Debug|Win32
		{F36031FD-6188-44CD-AF6B-0460A0B96EF7}.Debug|x86.Build.0 = Debug|Win32
		{F36031FD-6188-44CD-AF6B-0460A0B96EF7}.Release|x64.ActiveCfg = Release|x64
		{F36031FD-6188-44CD-AF6B-0460A0B96EF7}.Release|x64.Build.0 = Release|x64
		{F36031FD-6188-44CD-AF6B-0460A0B96EF7}.Release|x86.ActiveCfg = Release|Win32
		{F36031FD-6188-44CD-AF6B-0460A0B96EF7}.Release|x86.Build.0 = Release|Win32
	EndGlobalSection
	GlobalSection(SolutionProperties) = preSolution
		HideSolutionNode = FALSE
	EndGlobalSection
	GlobalSection(ExtensibilityGlobals) = postSolution
		SolutionGuid = {1542CA6B-467C-43AC-AE6F-87F5E0AD72FF}
	EndGlobalSection
EndGlobal
